
Microsoft Visual Studio Solution File, Format Version 12.00
# Visual Studio Version 16
VisualStudioVersion = 16.0.31515.178
MinimumVisualStudioVersion = 10.0.40219.1
Project("{FAE04EC0-301F-11D3-BF4B-00C04F79EFBC}") = "MVCWebApplication", "MVCWebApplication\MVCWebApplication.csproj", "{E3FC9A64-EDD8-41AD-B583-9E10B92DFB42}"
EndProject
Global
	GlobalSection(SolutionConfigurationPlatforms) = preSolution
		Debug|Any CPU = Debug|Any CPU
		Release|Any CPU = Release|Any CPU
	EndGlobalSection
	GlobalSection(ProjectConfigurationPlatforms) = postSolution
		{E3FC9A64-EDD8-41AD-B583-9E10B92DFB42}.Debug|Any CPU.ActiveCfg = Debug|Any CPU
		{E3FC9A64-EDD8-41AD-B583-9E10B92DFB42}.Debug|Any CPU.Build.0 = Debug|Any CPU
		{E3FC9A64-EDD8-41AD-B583-9E10B92DFB42}.Release|Any CPU.ActiveCfg = Release|Any CPU
		{E3FC9A64-EDD8-41AD-B583-9E10B92DFB42}.Release|Any CPU.Build.0 = Release|Any CPU
	EndGlobalSection
	GlobalSection(SolutionProperties) = preSolution
		HideSolutionNode = FALSE
	EndGlobalSection
	GlobalSection(ExtensibilityGlobals) = postSolution
		SolutionGuid = {105D9A58-B171-4D4B-98B5-83B12EBE0398}
	EndGlobalSection
EndGlobal
